
Microsoft Visual Studio Solution File, Format Version 11.00
# Visual Studio 2010
Project("{FAE04EC0-301F-11D3-BF4B-00C04F79EFBC}") = "CustomChromeSample", "CustomChromeSample\CustomChromeSample.csproj", "{CAAE7B54-9752-4975-9D14-30E2A93EBF39}"
EndProject
Project("{FAE04EC0-301F-11D3-BF4B-00C04F79EFBC}") = "CustomChromeLibrary", "..\..\Libraries\CustomChromeLibrary\CustomChromeLibrary.csproj", "{25990F61-A27B-4EDF-A402-B31BF952153F}"
EndProject
Project("{FAE04EC0-301F-11D3-BF4B-00C04F79EFBC}") = "Microsoft.Windows.Shell", "..\..\ThirdParty\WPF Shell Integration Library v2\Microsoft.Windows.Shell\Microsoft.Windows.Shell.csproj", "{55D5297C-F1DF-4B76-A3C1-D82CC294EEBB}"
EndProject
Global
	GlobalSection(SolutionConfigurationPlatforms) = preSolution
		Debug|Any CPU = Debug|Any CPU
		Debug|Mixed Platforms = Debug|Mixed Platforms
		Debug|x86 = Debug|x86
		Release|Any CPU = Release|Any CPU
		Release|Mixed Platforms = Release|Mixed Platforms
		Release|x86 = Release|x86
	EndGlobalSection
	GlobalSection(ProjectConfigurationPlatforms) = postSolution
		{CAAE7B54-9752-4975-9D14-30E2A93EBF39}.Debug|Any CPU.ActiveCfg = Debug|x86
		{CAAE7B54-9752-4975-9D14-30E2A93EBF39}.Debug|Mixed Platforms.ActiveCfg = Debug|x86
		{CAAE7B54-9752-4975-9D14-30E2A93EBF39}.Debug|Mixed Platforms.Build.0 = Debug|x86
		{CAAE7B54-9752-4975-9D14-30E2A93EBF39}.Debug|x86.ActiveCfg = Debug|x86
		{CAAE7B54-9752-4975-9D14-30E2A93EBF39}.Debug|x86.Build.0 = Debug|x86
		{CAAE7B54-9752-4975-9D14-30E2A93EBF39}.Release|Any CPU.ActiveCfg = Release|x86
		{CAAE7B54-9752-4975-9D14-30E2A93EBF39}.Release|Mixed Platforms.ActiveCfg = Release|x86
		{CAAE7B54-9752-4975-9D14-30E2A93EBF39}.Release|Mixed Platforms.Build.0 = Release|x86
		{CAAE7B54-9752-4975-9D14-30E2A93EBF39}.Release|x86.ActiveCfg = Release|x86
		{CAAE7B54-9752-4975-9D14-30E2A93EBF39}.Release|x86.Build.0 = Release|x86
		{25990F61-A27B-4EDF-A402-B31BF952153F}.Debug|Any CPU.ActiveCfg = Debug|Any CPU
		{25990F61-A27B-4EDF-A402-B31BF952153F}.Debug|Any CPU.Build.0 = Debug|Any CPU
		{25990F61-A27B-4EDF-A402-B31BF952153F}.Debug|Mixed Platforms.ActiveCfg = Debug|Any CPU
		{25990F61-A27B-4EDF-A402-B31BF952153F}.Debug|Mixed Platforms.Build.0 = Debug|Any CPU
		{25990F61-A27B-4EDF-A402-B31BF952153F}.Debug|x86.ActiveCfg = Debug|Any CPU
		{25990F61-A27B-4EDF-A402-B31BF952153F}.Release|Any CPU.ActiveCfg = Release|Any CPU
		{25990F61-A27B-4EDF-A402-B31BF952153F}.Release|Any CPU.Build.0 = Release|Any CPU
		{25990F61-A27B-4EDF-A402-B31BF952153F}.Release|Mixed Platforms.ActiveCfg = Release|Any CPU
		{25990F61-A27B-4EDF-A402-B31BF952153F}.Release|Mixed Platforms.Build.0 = Release|Any CPU
		{25990F61-A27B-4EDF-A402-B31BF952153F}.Release|x86.ActiveCfg = Release|Any CPU
		{55D5297C-F1DF-4B76-A3C1-D82CC294EEBB}.Debug|Any CPU.ActiveCfg = Debug|Any CPU
		{55D5297C-F1DF-4B76-A3C1-D82CC294EEBB}.Debug|Any CPU.Build.0 = Debug|Any CPU
		{55D5297C-F1DF-4B76-A3C1-D82CC294EEBB}.Debug|Mixed Platforms.ActiveCfg = Debug|x86
		{55D5297C-F1DF-4B76-A3C1-D82CC294EEBB}.Debug|Mixed Platforms.Build.0 = Debug|x86
		{55D5297C-F1DF-4B76-A3C1-D82CC294EEBB}.Debug|x86.ActiveCfg = Debug|x86
		{55D5297C-F1DF-4B76-A3C1-D82CC294EEBB}.Debug|x86.Build.0 = Debug|x86
		{55D5297C-F1DF-4B76-A3C1-D82CC294EEBB}.Release|Any CPU.ActiveCfg = Release|Any CPU
		{55D5297C-F1DF-4B76-A3C1-D82CC294EEBB}.Release|Any CPU.Build.0 = Release|Any CPU
		{55D5297C-F1DF-4B76-A3C1-D82CC294EEBB}.Release|Mixed Platforms.ActiveCfg = Release|x86
		{55D5297C-F1DF-4B76-A3C1-D82CC294EEBB}.Release|Mixed Platforms.Build.0 = Release|x86
		{55D5297C-F1DF-4B76-A3C1-D82CC294EEBB}.Release|x86.ActiveCfg = Release|x86
		{55D5297C-F1DF-4B76-A3C1-D82CC294EEBB}.Release|x86.Build.0 = Release|x86
	EndGlobalSection
	GlobalSection(SolutionProperties) = preSolution
		HideSolutionNode = FALSE
	EndGlobalSection
EndGlobal
